{
  "name": "@kmamal/fs",
  "version": "0.0.8",
  "lockfileVersion": 2,
  "requires": true,
  "packages": {
    "": {
      "name": "@kmamal/fs",
      "version": "0.0.8",
      "license": "MIT",
      "dependencies": {
        "@kmamal/util": "^0.0.57"
      }
    },
    "node_modules/@kmamal/util": {
      "version": "0.0.57",
      "resolved": "https://registry.npmjs.org/@kmamal/util/-/util-0.0.57.tgz",
      "integrity": "sha512-k+jl+vxyRNX+SmhUDkUywQ+buJ2VSERLXd6NTAbOoecYR0XrKxLe8BP1ecy2EFeQNVlGskrmXYzm70zwR7FsQQ=="
    }
  },
  "dependencies": {
    "@kmamal/util": {
      "version": "0.0.57",
      "resolved": "https://registry.npmjs.org/@kmamal/util/-/util-0.0.57.tgz",
      "integrity": "sha512-k+jl+vxyRNX+SmhUDkUywQ+buJ2VSERLXd6NTAbOoecYR0XrKxLe8BP1ecy2EFeQNVlGskrmXYzm70zwR7FsQQ=="
    }
  }
}
